{
  "version": "v1",
  "packages": {
    "@rbxts/nexus-net": {
      "version": "1.0.0",
      "signature": "74872dde1a7eb987297428c8da276cb0",
      "file": true,
      "replaced": "file:../../roblox"
    },
    "@rbxts/nexus": {
      "signature": "9058876e3bbd85330c7d403b90266787",
      "file": true
    }
  }
}